
Microsoft Visual Studio Solution File, Format Version 12.00
# Visual Studio Version 16
VisualStudioVersion = 16.0.31402.337
MinimumVisualStudioVersion = 10.0.40219.1
Project("{FAE04EC0-301F-11D3-BF4B-00C04F79EFBC}") = "ShopBridge.API", "ShopBridge.API\ShopBridge.API.csproj", "{17F7BD4A-DF39-4204-BDC9-7B8AF19211A3}"
EndProject
Project("{FAE04EC0-301F-11D3-BF4B-00C04F79EFBC}") = "ShopBridge.APP", "ShopBridge.APP\ShopBridge.APP.csproj", "{586E3E2E-C372-4D51-9D37-FB33742A552B}"
EndProject
Global
	GlobalSection(SolutionConfigurationPlatforms) = preSolution
		Debug|Any CPU = Debug|Any CPU
		Release|Any CPU = Release|Any CPU
	EndGlobalSection
	GlobalSection(ProjectConfigurationPlatforms) = postSolution
		{17F7BD4A-DF39-4204-BDC9-7B8AF19211A3}.Debug|Any CPU.ActiveCfg = Debug|Any CPU
		{17F7BD4A-DF39-4204-BDC9-7B8AF19211A3}.Debug|Any CPU.Build.0 = Debug|Any CPU
		{17F7BD4A-DF39-4204-BDC9-7B8AF19211A3}.Release|Any CPU.ActiveCfg = Release|Any CPU
		{17F7BD4A-DF39-4204-BDC9-7B8AF19211A3}.Release|Any CPU.Build.0 = Release|Any CPU
		{586E3E2E-C372-4D51-9D37-FB33742A552B}.Debug|Any CPU.ActiveCfg = Debug|Any CPU
		{586E3E2E-C372-4D51-9D37-FB33742A552B}.Debug|Any CPU.Build.0 = Debug|Any CPU
		{586E3E2E-C372-4D51-9D37-FB33742A552B}.Release|Any CPU.ActiveCfg = Release|Any CPU
		{586E3E2E-C372-4D51-9D37-FB33742A552B}.Release|Any CPU.Build.0 = Release|Any CPU
	EndGlobalSection
	GlobalSection(SolutionProperties) = preSolution
		HideSolutionNode = FALSE
	EndGlobalSection
	GlobalSection(ExtensibilityGlobals) = postSolution
		SolutionGuid = {5D80EEA9-F36B-4D3D-B908-3339F3783CD7}
	EndGlobalSection
EndGlobal
